
Microsoft Visual Studio Solution File, Format Version 12.00
# Visual Studio Version 16
VisualStudioVersion = 16.0.31019.35
MinimumVisualStudioVersion = 10.0.40219.1
Project("{FAE04EC0-301F-11D3-BF4B-00C04F79EFBC}") = "WeatherDesktopApp", "WeatherDesktopApp.csproj", "{6C2E6CB2-4F97-433E-8ED4-FD350CA20D95}"
EndProject
Project("{FAE04EC0-301F-11D3-BF4B-00C04F79EFBC}") = "UnitTestProject", "..\UnitTestProject\UnitTestProject.csproj", "{A944490F-CDAD-4069-B983-538C95B36FF7}"
EndProject
Global
	GlobalSection(SolutionConfigurationPlatforms) = preSolution
		Debug|Any CPU = Debug|Any CPU
		Release|Any CPU = Release|Any CPU
	EndGlobalSection
	GlobalSection(ProjectConfigurationPlatforms) = postSolution
		{6C2E6CB2-4F97-433E-8ED4-FD350CA20D95}.Debug|Any CPU.ActiveCfg = Debug|Any CPU
		{6C2E6CB2-4F97-433E-8ED4-FD350CA20D95}.Debug|Any CPU.Build.0 = Debug|Any CPU
		{6C2E6CB2-4F97-433E-8ED4-FD350CA20D95}.Release|Any CPU.ActiveCfg = Release|Any CPU
		{6C2E6CB2-4F97-433E-8ED4-FD350CA20D95}.Release|Any CPU.Build.0 = Release|Any CPU
		{A944490F-CDAD-4069-B983-538C95B36FF7}.Debug|Any CPU.ActiveCfg = Debug|Any CPU
		{A944490F-CDAD-4069-B983-538C95B36FF7}.Debug|Any CPU.Build.0 = Debug|Any CPU
		{A944490F-CDAD-4069-B983-538C95B36FF7}.Release|Any CPU.ActiveCfg = Release|Any CPU
		{A944490F-CDAD-4069-B983-538C95B36FF7}.Release|Any CPU.Build.0 = Release|Any CPU
	EndGlobalSection
	GlobalSection(SolutionProperties) = preSolution
		HideSolutionNode = FALSE
	EndGlobalSection
	GlobalSection(ExtensibilityGlobals) = postSolution
		SolutionGuid = {A219EF7A-2AC5-4BAF-95C1-87A77AF4FCCF}
	EndGlobalSection
EndGlobal
